lockfileVersion: 5.3

specifiers:
  '@types/chrome': ^0.0.129
  rollup: ^2.45.2

devDependencies:
  '@types/chrome': 0.0.129
  rollup: 2.45.2

packages:

  /@types/chrome/0.0.129:
    resolution: {integrity: sha512-7SdqJ7YFu8wBI13SRbxWibHG7W3W3N2Cdn2hRHw24tWiLBZGC2OOfIKREQyga8AeT83AaVcTirWDVMrph0Gkkw==}
    dependencies:
      '@types/filesystem': 0.0.29
      '@types/har-format': 1.2.5
    dev: true

  /@types/filesystem/0.0.29:
    resolution: {integrity: sha512-85/1KfRedmfPGsbK8YzeaQUyV1FQAvMPMTuWFQ5EkLd2w7szhNO96bk3Rh/SKmOfd9co2rCLf0Voy4o7ECBOvw==}
    dependencies:
      '@types/filewriter': 0.0.28
    dev: true

  /@types/filewriter/0.0.28:
    resolution: {integrity: sha1-wFTor02d11205jq8dviFFocU1LM=}
    dev: true

  /@types/har-format/1.2.5:
    resolution: {integrity: sha512-IG8AE1m2pWtPqQ7wXhFhy6Q59bwwnLwO36v5Rit2FrbXCIp8Sk8E2PfUCreyrdo17STwFSKDAkitVuVYbpEHvQ==}
    dev: true

  /fsevents/2.3.2:
    resolution: {integrity: sha512-xiqMQR4xAeHTuB9uWm+fFRcIOgKBMiOBP+eXiyT7jsgVCq1bkVygt00oASowB7EdtpOHaaPgKt812P9ab+DDKA==}
    engines: {node: ^8.16.0 || ^10.6.0 || >=11.0.0}
    os: [darwin]
    dev: true
    optional: true

  /rollup/2.45.2:
    resolution: {integrity: sha512-kRRU7wXzFHUzBIv0GfoFFIN3m9oteY4uAsKllIpQDId5cfnkWF2J130l+27dzDju0E6MScKiV0ZM5Bw8m4blYQ==}
    engines: {node: '>=10.0.0'}
    hasBin: true
    optionalDependencies:
      fsevents: 2.3.2
    dev: true
